
Microsoft Visual Studio Solution File, Format Version 12.00
# Visual Studio Version 16
VisualStudioVersion = 16.0.30320.27
MinimumVisualStudioVersion = 10.0.40219.1
Project("{FAE04EC0-301F-11D3-BF4B-00C04F79EFBC}") = "XTech", "XTech\XTech.csproj", "{5FA4536C-17BD-46A9-AE93-69F4ECACFAD5}"
EndProject
Global
	GlobalSection(SolutionConfigurationPlatforms) = preSolution
		Debug|Any CPU = Debug|Any CPU
		Release|Any CPU = Release|Any CPU
	EndGlobalSection
	GlobalSection(ProjectConfigurationPlatforms) = postSolution
		{5FA4536C-17BD-46A9-AE93-69F4ECACFAD5}.Debug|Any CPU.ActiveCfg = Debug|Any CPU
		{5FA4536C-17BD-46A9-AE93-69F4ECACFAD5}.Debug|Any CPU.Build.0 = Debug|Any CPU
		{5FA4536C-17BD-46A9-AE93-69F4ECACFAD5}.Release|Any CPU.ActiveCfg = Release|Any CPU
		{5FA4536C-17BD-46A9-AE93-69F4ECACFAD5}.Release|Any CPU.Build.0 = Release|Any CPU
	EndGlobalSection
	GlobalSection(SolutionProperties) = preSolution
		HideSolutionNode = FALSE
	EndGlobalSection
	GlobalSection(ExtensibilityGlobals) = postSolution
		SolutionGuid = {FC93DBE0-5337-4C31-B34C-76ABCD58E060}
	EndGlobalSection
EndGlobal
